
Microsoft Visual Studio Solution File, Format Version 12.00
# Visual Studio Version 17
VisualStudioVersion = 17.12.35309.182
MinimumVisualStudioVersion = 10.0.40219.1
Project("{FAE04EC0-301F-11D3-BF4B-00C04F79EFBC}") = "WarehouseApi", "WarehouseApi\WarehouseApi.csproj", "{51563B45-5B15-467B-8243-6A22782C80A1}"
EndProject
Global
	GlobalSection(SolutionConfigurationPlatforms) = preSolution
		Debug|Any CPU = Debug|Any CPU
		Release|Any CPU = Release|Any CPU
	EndGlobalSection
	GlobalSection(ProjectConfigurationPlatforms) = postSolution
		{51563B45-5B15-467B-8243-6A22782C80A1}.Debug|Any CPU.ActiveCfg = Debug|Any CPU
		{51563B45-5B15-467B-8243-6A22782C80A1}.Debug|Any CPU.Build.0 = Debug|Any CPU
		{51563B45-5B15-467B-8243-6A22782C80A1}.Release|Any CPU.ActiveCfg = Release|Any CPU
		{51563B45-5B15-467B-8243-6A22782C80A1}.Release|Any CPU.Build.0 = Release|Any CPU
	EndGlobalSection
	GlobalSection(SolutionProperties) = preSolution
		HideSolutionNode = FALSE
	EndGlobalSection
	GlobalSection(ExtensibilityGlobals) = postSolution
		SolutionGuid = {E863C203-A560-4B45-BBCE-0E1B5DF7906F}
	EndGlobalSection
EndGlobal
